{
  "requires": true,
  "lockfileVersion": 1,
  "dependencies": {
    "starprinter": {
      "version": "1.0.0",
      "resolved": "https://registry.npmjs.org/starprinter/-/starprinter-1.0.0.tgz",
      "integrity": "sha512-xrBc6Et9WKmpqBTwOv3fumKEVtPQUXK3Sj479xlZNHkacvG3+mt+AAvlZO1vZPe7pLzHRAnuUux3O7Q+MliMIA=="
    }
  }
}
